
Microsoft Visual Studio Solution File, Format Version 12.00
# Visual Studio 15
VisualStudioVersion = 15.0.28010.2048
MinimumVisualStudioVersion = 10.0.40219.1
Project("{FAE04EC0-301F-11D3-BF4B-00C04F79EFBC}") = "EmployeeList", "EmployeeList\EmployeeList.csproj", "{514A2C35-9247-4613-AE53-B8CE1644CB1C}"
EndProject
Global
	GlobalSection(SolutionConfigurationPlatforms) = preSolution
		Debug|Any CPU = Debug|Any CPU
		Release|Any CPU = Release|Any CPU
	EndGlobalSection
	GlobalSection(ProjectConfigurationPlatforms) = postSolution
		{514A2C35-9247-4613-AE53-B8CE1644CB1C}.Debug|Any CPU.ActiveCfg = Debug|Any CPU
		{514A2C35-9247-4613-AE53-B8CE1644CB1C}.Debug|Any CPU.Build.0 = Debug|Any CPU
		{514A2C35-9247-4613-AE53-B8CE1644CB1C}.Release|Any CPU.ActiveCfg = Release|Any CPU
		{514A2C35-9247-4613-AE53-B8CE1644CB1C}.Release|Any CPU.Build.0 = Release|Any CPU
	EndGlobalSection
	GlobalSection(SolutionProperties) = preSolution
		HideSolutionNode = FALSE
	EndGlobalSection
	GlobalSection(ExtensibilityGlobals) = postSolution
		SolutionGuid = {D8D9B9A2-9526-481A-8A18-355D80F45056}
	EndGlobalSection
EndGlobal
